
Microsoft Visual Studio Solution File, Format Version 12.00
# Visual Studio Version 16
VisualStudioVersion = 16.0.31025.194
MinimumVisualStudioVersion = 10.0.40219.1
Project("{FAE04EC0-301F-11D3-BF4B-00C04F79EFBC}") = "ReverseArray", "ReverseArray\ReverseArray.csproj", "{0B8DE162-DB22-4C5B-8C7C-4AF534DAB128}"
EndProject
Global
	GlobalSection(SolutionConfigurationPlatforms) = preSolution
		Debug|Any CPU = Debug|Any CPU
		Release|Any CPU = Release|Any CPU
	EndGlobalSection
	GlobalSection(ProjectConfigurationPlatforms) = postSolution
		{0B8DE162-DB22-4C5B-8C7C-4AF534DAB128}.Debug|Any CPU.ActiveCfg = Debug|Any CPU
		{0B8DE162-DB22-4C5B-8C7C-4AF534DAB128}.Debug|Any CPU.Build.0 = Debug|Any CPU
		{0B8DE162-DB22-4C5B-8C7C-4AF534DAB128}.Release|Any CPU.ActiveCfg = Release|Any CPU
		{0B8DE162-DB22-4C5B-8C7C-4AF534DAB128}.Release|Any CPU.Build.0 = Release|Any CPU
	EndGlobalSection
	GlobalSection(SolutionProperties) = preSolution
		HideSolutionNode = FALSE
	EndGlobalSection
	GlobalSection(ExtensibilityGlobals) = postSolution
		SolutionGuid = {AAC73C85-ECA1-4240-B929-97F58A7ECD2D}
	EndGlobalSection
EndGlobal
