
Microsoft Visual Studio Solution File, Format Version 12.00
# Visual Studio Version 16
VisualStudioVersion = 16.0.31025.194
MinimumVisualStudioVersion = 10.0.40219.1
Project("{FAE04EC0-301F-11D3-BF4B-00C04F79EFBC}") = "helloworld", "helloworld\helloworld.csproj", "{F71BB7EA-F963-4933-8F67-16CB8F3E0975}"
EndProject
Global
	GlobalSection(SolutionConfigurationPlatforms) = preSolution
		Debug|Any CPU = Debug|Any CPU
		Release|Any CPU = Release|Any CPU
	EndGlobalSection
	GlobalSection(ProjectConfigurationPlatforms) = postSolution
		{F71BB7EA-F963-4933-8F67-16CB8F3E0975}.Debug|Any CPU.ActiveCfg = Debug|Any CPU
		{F71BB7EA-F963-4933-8F67-16CB8F3E0975}.Debug|Any CPU.Build.0 = Debug|Any CPU
		{F71BB7EA-F963-4933-8F67-16CB8F3E0975}.Release|Any CPU.ActiveCfg = Release|Any CPU
		{F71BB7EA-F963-4933-8F67-16CB8F3E0975}.Release|Any CPU.Build.0 = Release|Any CPU
	EndGlobalSection
	GlobalSection(SolutionProperties) = preSolution
		HideSolutionNode = FALSE
	EndGlobalSection
	GlobalSection(ExtensibilityGlobals) = postSolution
		SolutionGuid = {11D8D6B3-A3EE-49F1-9755-F5EFCF8E65E5}
	EndGlobalSection
EndGlobal
