
Microsoft Visual Studio Solution File, Format Version 12.00
# Visual Studio Version 16
VisualStudioVersion = 16.0.31025.194
MinimumVisualStudioVersion = 10.0.40219.1
Project("{FAE04EC0-301F-11D3-BF4B-00C04F79EFBC}") = "factorial", "factorial\factorial.csproj", "{8E2E3F88-C25B-42C2-A31F-DC6703A15C59}"
EndProject
Global
	GlobalSection(SolutionConfigurationPlatforms) = preSolution
		Debug|Any CPU = Debug|Any CPU
		Release|Any CPU = Release|Any CPU
	EndGlobalSection
	GlobalSection(ProjectConfigurationPlatforms) = postSolution
		{8E2E3F88-C25B-42C2-A31F-DC6703A15C59}.Debug|Any CPU.ActiveCfg = Debug|Any CPU
		{8E2E3F88-C25B-42C2-A31F-DC6703A15C59}.Debug|Any CPU.Build.0 = Debug|Any CPU
		{8E2E3F88-C25B-42C2-A31F-DC6703A15C59}.Release|Any CPU.ActiveCfg = Release|Any CPU
		{8E2E3F88-C25B-42C2-A31F-DC6703A15C59}.Release|Any CPU.Build.0 = Release|Any CPU
	EndGlobalSection
	GlobalSection(SolutionProperties) = preSolution
		HideSolutionNode = FALSE
	EndGlobalSection
	GlobalSection(ExtensibilityGlobals) = postSolution
		SolutionGuid = {1C0B085B-ADDC-4D54-86E2-1401503340B4}
	EndGlobalSection
EndGlobal
