
Microsoft Visual Studio Solution File, Format Version 12.00
# Visual Studio Version 16
VisualStudioVersion = 16.0.31025.194
MinimumVisualStudioVersion = 10.0.40219.1
Project("{FAE04EC0-301F-11D3-BF4B-00C04F79EFBC}") = "desetinnamista", "desetinnamista\desetinnamista.csproj", "{4A7F7D95-361D-4BBB-9D60-F2F4B73A40F5}"
EndProject
Global
	GlobalSection(SolutionConfigurationPlatforms) = preSolution
		Debug|Any CPU = Debug|Any CPU
		Release|Any CPU = Release|Any CPU
	EndGlobalSection
	GlobalSection(ProjectConfigurationPlatforms) = postSolution
		{4A7F7D95-361D-4BBB-9D60-F2F4B73A40F5}.Debug|Any CPU.ActiveCfg = Debug|Any CPU
		{4A7F7D95-361D-4BBB-9D60-F2F4B73A40F5}.Debug|Any CPU.Build.0 = Debug|Any CPU
		{4A7F7D95-361D-4BBB-9D60-F2F4B73A40F5}.Release|Any CPU.ActiveCfg = Release|Any CPU
		{4A7F7D95-361D-4BBB-9D60-F2F4B73A40F5}.Release|Any CPU.Build.0 = Release|Any CPU
	EndGlobalSection
	GlobalSection(SolutionProperties) = preSolution
		HideSolutionNode = FALSE
	EndGlobalSection
	GlobalSection(ExtensibilityGlobals) = postSolution
		SolutionGuid = {7F7C0005-49BE-485E-AF88-97B695022E44}
	EndGlobalSection
EndGlobal
