
Microsoft Visual Studio Solution File, Format Version 12.00
# Visual Studio Version 16
VisualStudioVersion = 16.0.31025.194
MinimumVisualStudioVersion = 10.0.40219.1
Project("{FAE04EC0-301F-11D3-BF4B-00C04F79EFBC}") = "sokoban", "sokoban\sokoban.csproj", "{62A823F5-553A-4A04-B18B-A7350B69D61C}"
EndProject
Global
	GlobalSection(SolutionConfigurationPlatforms) = preSolution
		Debug|Any CPU = Debug|Any CPU
		Release|Any CPU = Release|Any CPU
	EndGlobalSection
	GlobalSection(ProjectConfigurationPlatforms) = postSolution
		{62A823F5-553A-4A04-B18B-A7350B69D61C}.Debug|Any CPU.ActiveCfg = Debug|Any CPU
		{62A823F5-553A-4A04-B18B-A7350B69D61C}.Debug|Any CPU.Build.0 = Debug|Any CPU
		{62A823F5-553A-4A04-B18B-A7350B69D61C}.Release|Any CPU.ActiveCfg = Release|Any CPU
		{62A823F5-553A-4A04-B18B-A7350B69D61C}.Release|Any CPU.Build.0 = Release|Any CPU
	EndGlobalSection
	GlobalSection(SolutionProperties) = preSolution
		HideSolutionNode = FALSE
	EndGlobalSection
	GlobalSection(ExtensibilityGlobals) = postSolution
		SolutionGuid = {E6ACCA1D-EBC9-4559-9DE5-DC5FC9D2E086}
	EndGlobalSection
EndGlobal
