
Microsoft Visual Studio Solution File, Format Version 12.00
# Visual Studio Version 16
VisualStudioVersion = 16.0.31025.194
MinimumVisualStudioVersion = 10.0.40219.1
Project("{FAE04EC0-301F-11D3-BF4B-00C04F79EFBC}") = "stepanares", "stepanares\stepanares.csproj", "{DEEE44F3-43A0-43E8-B19F-01B750CD1284}"
EndProject
Global
	GlobalSection(SolutionConfigurationPlatforms) = preSolution
		Debug|Any CPU = Debug|Any CPU
		Release|Any CPU = Release|Any CPU
	EndGlobalSection
	GlobalSection(ProjectConfigurationPlatforms) = postSolution
		{DEEE44F3-43A0-43E8-B19F-01B750CD1284}.Debug|Any CPU.ActiveCfg = Debug|Any CPU
		{DEEE44F3-43A0-43E8-B19F-01B750CD1284}.Debug|Any CPU.Build.0 = Debug|Any CPU
		{DEEE44F3-43A0-43E8-B19F-01B750CD1284}.Release|Any CPU.ActiveCfg = Release|Any CPU
		{DEEE44F3-43A0-43E8-B19F-01B750CD1284}.Release|Any CPU.Build.0 = Release|Any CPU
	EndGlobalSection
	GlobalSection(SolutionProperties) = preSolution
		HideSolutionNode = FALSE
	EndGlobalSection
	GlobalSection(ExtensibilityGlobals) = postSolution
		SolutionGuid = {9953CFA6-21FD-45CA-B90C-3E4A53CE15A8}
	EndGlobalSection
EndGlobal
